
Microsoft Visual Studio Solution File, Format Version 12.00
# Visual Studio 2013
VisualStudioVersion = 12.0.21005.1
MinimumVisualStudioVersion = 10.0.40219.1
Project("{FAE04EC0-301F-11D3-BF4B-00C04F79EFBC}") = "PEP.DataStatistics", "PEP.DataStatistics\PEP.DataStatistics.csproj", "{FF4EADF3-1EE2-40EC-A301-58AB134FECD4}"
EndProject
Project("{FAE04EC0-301F-11D3-BF4B-00C04F79EFBC}") = "Job", "Job\Job.csproj", "{5B5F845D-7DCC-4CE1-A48B-B718676C2260}"
EndProject
Global
	GlobalSection(SolutionConfigurationPlatforms) = preSolution
		Debug|Any CPU = Debug|Any CPU
		Release|Any CPU = Release|Any CPU
	EndGlobalSection
	GlobalSection(ProjectConfigurationPlatforms) = postSolution
		{FF4EADF3-1EE2-40EC-A301-58AB134FECD4}.Debug|Any CPU.ActiveCfg = Debug|Any CPU
		{FF4EADF3-1EE2-40EC-A301-58AB134FECD4}.Debug|Any CPU.Build.0 = Debug|Any CPU
		{FF4EADF3-1EE2-40EC-A301-58AB134FECD4}.Release|Any CPU.ActiveCfg = Release|Any CPU
		{FF4EADF3-1EE2-40EC-A301-58AB134FECD4}.Release|Any CPU.Build.0 = Release|Any CPU
		{5B5F845D-7DCC-4CE1-A48B-B718676C2260}.Debug|Any CPU.ActiveCfg = Debug|Any CPU
		{5B5F845D-7DCC-4CE1-A48B-B718676C2260}.Debug|Any CPU.Build.0 = Debug|Any CPU
		{5B5F845D-7DCC-4CE1-A48B-B718676C2260}.Release|Any CPU.ActiveCfg = Release|Any CPU
		{5B5F845D-7DCC-4CE1-A48B-B718676C2260}.Release|Any CPU.Build.0 = Release|Any CPU
	EndGlobalSection
	GlobalSection(SolutionProperties) = preSolution
		HideSolutionNode = FALSE
	EndGlobalSection
EndGlobal
